
Microsoft Visual Studio Solution File, Format Version 12.00
# Visual Studio 2012
Project("{2150E333-8FDC-42A3-9474-1A3956D46DE8}") = ".nuget", ".nuget", "{BFCBAC2F-68FC-48D9-A46B-B398C9DDD6BF}"
	ProjectSection(SolutionItems) = preProject
		.nuget\NuGet.Config = .nuget\NuGet.Config
		.nuget\NuGet.exe = .nuget\NuGet.exe
		.nuget\NuGet.targets = .nuget\NuGet.targets
	EndProjectSection
EndProject
Project("{FAE04EC0-301F-11D3-BF4B-00C04F79EFBC}") = "TOS.Web", "Tos.Web\Tos.Web.csproj", "{25401345-1215-4D9F-84D2-DD81462F7CAA}"
EndProject
Global
	GlobalSection(SolutionConfigurationPlatforms) = preSolution
		Debug|Any CPU = Debug|Any CPU
		FORM|Any CPU = FORM|Any CPU
		Release|Any CPU = Release|Any CPU
		Test|Any CPU = Test|Any CPU
	EndGlobalSection
	GlobalSection(ProjectConfigurationPlatforms) = postSolution
		{25401345-1215-4D9F-84D2-DD81462F7CAA}.Debug|Any CPU.ActiveCfg = Debug|Any CPU
		{25401345-1215-4D9F-84D2-DD81462F7CAA}.Debug|Any CPU.Build.0 = Debug|Any CPU
		{25401345-1215-4D9F-84D2-DD81462F7CAA}.FORM|Any CPU.ActiveCfg = FORM|Any CPU
		{25401345-1215-4D9F-84D2-DD81462F7CAA}.FORM|Any CPU.Build.0 = FORM|Any CPU
		{25401345-1215-4D9F-84D2-DD81462F7CAA}.Release|Any CPU.ActiveCfg = Release|Any CPU
		{25401345-1215-4D9F-84D2-DD81462F7CAA}.Release|Any CPU.Build.0 = Release|Any CPU
		{25401345-1215-4D9F-84D2-DD81462F7CAA}.Test|Any CPU.ActiveCfg = Test|Any CPU
		{25401345-1215-4D9F-84D2-DD81462F7CAA}.Test|Any CPU.Build.0 = Test|Any CPU
	EndGlobalSection
	GlobalSection(SolutionProperties) = preSolution
		HideSolutionNode = FALSE
	EndGlobalSection
EndGlobal
